
Microsoft Visual Studio Solution File, Format Version 12.00
# Visual Studio Version 17
VisualStudioVersion = 17.4.33122.133
MinimumVisualStudioVersion = 10.0.40219.1
Project("{F2A71F9B-5D33-465A-A702-920D77279786}") = "AoC2022", "AoC2022\AoC2022.fsproj", "{43CDC7D8-172F-476E-AF21-8B6FF4CE5D93}"
EndProject
Global
	GlobalSection(SolutionConfigurationPlatforms) = preSolution
		Debug|Any CPU = Debug|Any CPU
		Release|Any CPU = Release|Any CPU
	EndGlobalSection
	GlobalSection(ProjectConfigurationPlatforms) = postSolution
		{43CDC7D8-172F-476E-AF21-8B6FF4CE5D93}.Debug|Any CPU.ActiveCfg = Debug|Any CPU
		{43CDC7D8-172F-476E-AF21-8B6FF4CE5D93}.Debug|Any CPU.Build.0 = Debug|Any CPU
		{43CDC7D8-172F-476E-AF21-8B6FF4CE5D93}.Release|Any CPU.ActiveCfg = Release|Any CPU
		{43CDC7D8-172F-476E-AF21-8B6FF4CE5D93}.Release|Any CPU.Build.0 = Release|Any CPU
	EndGlobalSection
	GlobalSection(SolutionProperties) = preSolution
		HideSolutionNode = FALSE
	EndGlobalSection
	GlobalSection(ExtensibilityGlobals) = postSolution
		SolutionGuid = {3858CA5D-75A6-458C-B0EE-51CB9EDA0798}
	EndGlobalSection
EndGlobal
